
Microsoft Visual Studio Solution File, Format Version 12.00
# Visual Studio Version 16
VisualStudioVersion = 16.0.31729.503
MinimumVisualStudioVersion = 10.0.40219.1
Project("{FAE04EC0-301F-11D3-BF4B-00C04F79EFBC}") = "Taller 1 Edwin", "Taller 1 Edwin\Taller 1 Edwin.csproj", "{11273AC5-BB84-4189-A5DE-182D5F1578EB}"
EndProject
Global
	GlobalSection(SolutionConfigurationPlatforms) = preSolution
		Debug|Any CPU = Debug|Any CPU
		Release|Any CPU = Release|Any CPU
	EndGlobalSection
	GlobalSection(ProjectConfigurationPlatforms) = postSolution
		{11273AC5-BB84-4189-A5DE-182D5F1578EB}.Debug|Any CPU.ActiveCfg = Debug|Any CPU
		{11273AC5-BB84-4189-A5DE-182D5F1578EB}.Debug|Any CPU.Build.0 = Debug|Any CPU
		{11273AC5-BB84-4189-A5DE-182D5F1578EB}.Release|Any CPU.ActiveCfg = Release|Any CPU
		{11273AC5-BB84-4189-A5DE-182D5F1578EB}.Release|Any CPU.Build.0 = Release|Any CPU
	EndGlobalSection
	GlobalSection(SolutionProperties) = preSolution
		HideSolutionNode = FALSE
	EndGlobalSection
	GlobalSection(ExtensibilityGlobals) = postSolution
		SolutionGuid = {580CDFEC-3EF3-49A6-82B4-C41A88653269}
	EndGlobalSection
EndGlobal
